
Microsoft Visual Studio Solution File, Format Version 12.00
# Visual Studio Version 17
VisualStudioVersion = 17.0.31903.59
MinimumVisualStudioVersion = 10.0.40219.1
Project("{FAE04EC0-301F-11D3-BF4B-00C04F79EFBC}") = "DotnetApiTemplate.Domain", "src\DotnetApiTemplate.Domain\DotnetApiTemplate.Domain.csproj", "{8D0A1F5E-6B8C-4A9E-9F1D-2E3C4B5A6D7E}"
EndProject
Project("{FAE04EC0-301F-11D3-BF4B-00C04F79EFBC}") = "DotnetApiTemplate.Application", "src\DotnetApiTemplate.Application\DotnetApiTemplate.Application.csproj", "{9E1B2F6F-7C9D-4B0F-A02E-3F4D5C6B7E8F}"
EndProject
Project("{FAE04EC0-301F-11D3-BF4B-00C04F79EFBC}") = "DotnetApiTemplate.Infrastructure", "src\DotnetApiTemplate.Infrastructure\DotnetApiTemplate.Infrastructure.csproj", "{A0F2C3D7-8D0E-4C1F-B13F-4F5E6D7C8E9F}"
EndProject
Project("{FAE04EC0-301F-11D3-BF4B-00C04F79EFBC}") = "DotnetApiTemplate.Persistence", "src\DotnetApiTemplate.Persistence\DotnetApiTemplate.Persistence.csproj", "{B1F3D4E8-9E1F-4D2F-C24F-5F6E7D8E9F0F}"
EndProject
Project("{FAE04EC0-301F-11D3-BF4B-00C04F79EFBC}") = "DotnetApiTemplate.API", "src\DotnetApiTemplate.API\DotnetApiTemplate.API.csproj", "{C2F4E5F9-A02F-4E3F-D35F-6F7E8D9F0F1F}"
EndProject
Project("{2150E333-8FDC-42A3-9474-1A3956D46DE8}") = "tests", "tests", "{0AB3BF05-4346-4AA6-1389-037BE0695223}"
EndProject
Project("{FAE04EC0-301F-11D3-BF4B-00C04F79EFBC}") = "DotnetApiTemplate.UnitTests", "tests\DotnetApiTemplate.UnitTests\DotnetApiTemplate.UnitTests.csproj", "{876F8596-7CEF-4EB3-97A3-BE548378CB4E}"
EndProject
Project("{2150E333-8FDC-42A3-9474-1A3956D46DE8}") = "src", "src", "{827E0CD3-B72D-47B6-A68D-7590B98EB39B}"
EndProject
Project("{FAE04EC0-301F-11D3-BF4B-00C04F79EFBC}") = "DotnetApiTemplate.IntegrationTests", "tests\DotnetApiTemplate.IntegrationTests\DotnetApiTemplate.IntegrationTests.csproj", "{B063F2EC-DAFC-43BD-84B3-9C361EBF4A3C}"
EndProject
Global
	GlobalSection(SolutionConfigurationPlatforms) = preSolution
		Debug|Any CPU = Debug|Any CPU
		Debug|x64 = Debug|x64
		Debug|x86 = Debug|x86
		Release|Any CPU = Release|Any CPU
		Release|x64 = Release|x64
		Release|x86 = Release|x86
	EndGlobalSection
	GlobalSection(ProjectConfigurationPlatforms) = postSolution
		{8D0A1F5E-6B8C-4A9E-9F1D-2E3C4B5A6D7E}.Debug|Any CPU.ActiveCfg = Debug|Any CPU
		{8D0A1F5E-6B8C-4A9E-9F1D-2E3C4B5A6D7E}.Debug|Any CPU.Build.0 = Debug|Any CPU
		{8D0A1F5E-6B8C-4A9E-9F1D-2E3C4B5A6D7E}.Debug|x64.ActiveCfg = Debug|Any CPU
		{8D0A1F5E-6B8C-4A9E-9F1D-2E3C4B5A6D7E}.Debug|x64.Build.0 = Debug|Any CPU
		{8D0A1F5E-6B8C-4A9E-9F1D-2E3C4B5A6D7E}.Debug|x86.ActiveCfg = Debug|Any CPU
		{8D0A1F5E-6B8C-4A9E-9F1D-2E3C4B5A6D7E}.Debug|x86.Build.0 = Debug|Any CPU
		{8D0A1F5E-6B8C-4A9E-9F1D-2E3C4B5A6D7E}.Release|Any CPU.ActiveCfg = Release|Any CPU
		{8D0A1F5E-6B8C-4A9E-9F1D-2E3C4B5A6D7E}.Release|Any CPU.Build.0 = Release|Any CPU
		{8D0A1F5E-6B8C-4A9E-9F1D-2E3C4B5A6D7E}.Release|x64.ActiveCfg = Release|Any CPU
		{8D0A1F5E-6B8C-4A9E-9F1D-2E3C4B5A6D7E}.Release|x64.Build.0 = Release|Any CPU
		{8D0A1F5E-6B8C-4A9E-9F1D-2E3C4B5A6D7E}.Release|x86.ActiveCfg = Release|Any CPU
		{8D0A1F5E-6B8C-4A9E-9F1D-2E3C4B5A6D7E}.Release|x86.Build.0 = Release|Any CPU
		{9E1B2F6F-7C9D-4B0F-A02E-3F4D5C6B7E8F}.Debug|Any CPU.ActiveCfg = Debug|Any CPU
		{9E1B2F6F-7C9D-4B0F-A02E-3F4D5C6B7E8F}.Debug|Any CPU.Build.0 = Debug|Any CPU
		{9E1B2F6F-7C9D-4B0F-A02E-3F4D5C6B7E8F}.Debug|x64.ActiveCfg = Debug|Any CPU
		{9E1B2F6F-7C9D-4B0F-A02E-3F4D5C6B7E8F}.Debug|x64.Build.0 = Debug|Any CPU
		{9E1B2F6F-7C9D-4B0F-A02E-3F4D5C6B7E8F}.Debug|x86.ActiveCfg = Debug|Any CPU
		{9E1B2F6F-7C9D-4B0F-A02E-3F4D5C6B7E8F}.Debug|x86.Build.0 = Debug|Any CPU
		{9E1B2F6F-7C9D-4B0F-A02E-3F4D5C6B7E8F}.Release|Any CPU.ActiveCfg = Release|Any CPU
		{9E1B2F6F-7C9D-4B0F-A02E-3F4D5C6B7E8F}.Release|Any CPU.Build.0 = Release|Any CPU
		{9E1B2F6F-7C9D-4B0F-A02E-3F4D5C6B7E8F}.Release|x64.ActiveCfg = Release|Any CPU
		{9E1B2F6F-7C9D-4B0F-A02E-3F4D5C6B7E8F}.Release|x64.Build.0 = Release|Any CPU
		{9E1B2F6F-7C9D-4B0F-A02E-3F4D5C6B7E8F}.Release|x86.ActiveCfg = Release|Any CPU
		{9E1B2F6F-7C9D-4B0F-A02E-3F4D5C6B7E8F}.Release|x86.Build.0 = Release|Any CPU
		{A0F2C3D7-8D0E-4C1F-B13F-4F5E6D7C8E9F}.Debug|Any CPU.ActiveCfg = Debug|Any CPU
		{A0F2C3D7-8D0E-4C1F-B13F-4F5E6D7C8E9F}.Debug|Any CPU.Build.0 = Debug|Any CPU
		{A0F2C3D7-8D0E-4C1F-B13F-4F5E6D7C8E9F}.Debug|x64.ActiveCfg = Debug|Any CPU
		{A0F2C3D7-8D0E-4C1F-B13F-4F5E6D7C8E9F}.Debug|x64.Build.0 = Debug|Any CPU
		{A0F2C3D7-8D0E-4C1F-B13F-4F5E6D7C8E9F}.Debug|x86.ActiveCfg = Debug|Any CPU
		{A0F2C3D7-8D0E-4C1F-B13F-4F5E6D7C8E9F}.Debug|x86.Build.0 = Debug|Any CPU
		{A0F2C3D7-8D0E-4C1F-B13F-4F5E6D7C8E9F}.Release|Any CPU.ActiveCfg = Release|Any CPU
		{A0F2C3D7-8D0E-4C1F-B13F-4F5E6D7C8E9F}.Release|Any CPU.Build.0 = Release|Any CPU
		{A0F2C3D7-8D0E-4C1F-B13F-4F5E6D7C8E9F}.Release|x64.ActiveCfg = Release|Any CPU
		{A0F2C3D7-8D0E-4C1F-B13F-4F5E6D7C8E9F}.Release|x64.Build.0 = Release|Any CPU
		{A0F2C3D7-8D0E-4C1F-B13F-4F5E6D7C8E9F}.Release|x86.ActiveCfg = Release|Any CPU
		{A0F2C3D7-8D0E-4C1F-B13F-4F5E6D7C8E9F}.Release|x86.Build.0 = Release|Any CPU
		{B1F3D4E8-9E1F-4D2F-C24F-5F6E7D8E9F0F}.Debug|Any CPU.ActiveCfg = Debug|Any CPU
		{B1F3D4E8-9E1F-4D2F-C24F-5F6E7D8E9F0F}.Debug|Any CPU.Build.0 = Debug|Any CPU
		{B1F3D4E8-9E1F-4D2F-C24F-5F6E7D8E9F0F}.Debug|x64.ActiveCfg = Debug|Any CPU
		{B1F3D4E8-9E1F-4D2F-C24F-5F6E7D8E9F0F}.Debug|x64.Build.0 = Debug|Any CPU
		{B1F3D4E8-9E1F-4D2F-C24F-5F6E7D8E9F0F}.Debug|x86.ActiveCfg = Debug|Any CPU
		{B1F3D4E8-9E1F-4D2F-C24F-5F6E7D8E9F0F}.Debug|x86.Build.0 = Debug|Any CPU
		{B1F3D4E8-9E1F-4D2F-C24F-5F6E7D8E9F0F}.Release|Any CPU.ActiveCfg = Release|Any CPU
		{B1F3D4E8-9E1F-4D2F-C24F-5F6E7D8E9F0F}.Release|Any CPU.Build.0 = Release|Any CPU
		{B1F3D4E8-9E1F-4D2F-C24F-5F6E7D8E9F0F}.Release|x64.ActiveCfg = Release|Any CPU
		{B1F3D4E8-9E1F-4D2F-C24F-5F6E7D8E9F0F}.Release|x64.Build.0 = Release|Any CPU
		{B1F3D4E8-9E1F-4D2F-C24F-5F6E7D8E9F0F}.Release|x86.ActiveCfg = Release|Any CPU
		{B1F3D4E8-9E1F-4D2F-C24F-5F6E7D8E9F0F}.Release|x86.Build.0 = Release|Any CPU
		{C2F4E5F9-A02F-4E3F-D35F-6F7E8D9F0F1F}.Debug|Any CPU.ActiveCfg = Debug|Any CPU
		{C2F4E5F9-A02F-4E3F-D35F-6F7E8D9F0F1F}.Debug|Any CPU.Build.0 = Debug|Any CPU
		{C2F4E5F9-A02F-4E3F-D35F-6F7E8D9F0F1F}.Debug|x64.ActiveCfg = Debug|Any CPU
		{C2F4E5F9-A02F-4E3F-D35F-6F7E8D9F0F1F}.Debug|x64.Build.0 = Debug|Any CPU
		{C2F4E5F9-A02F-4E3F-D35F-6F7E8D9F0F1F}.Debug|x86.ActiveCfg = Debug|Any CPU
		{C2F4E5F9-A02F-4E3F-D35F-6F7E8D9F0F1F}.Debug|x86.Build.0 = Debug|Any CPU
		{C2F4E5F9-A02F-4E3F-D35F-6F7E8D9F0F1F}.Release|Any CPU.ActiveCfg = Release|Any CPU
		{C2F4E5F9-A02F-4E3F-D35F-6F7E8D9F0F1F}.Release|Any CPU.Build.0 = Release|Any CPU
		{C2F4E5F9-A02F-4E3F-D35F-6F7E8D9F0F1F}.Release|x64.ActiveCfg = Release|Any CPU
		{C2F4E5F9-A02F-4E3F-D35F-6F7E8D9F0F1F}.Release|x64.Build.0 = Release|Any CPU
		{C2F4E5F9-A02F-4E3F-D35F-6F7E8D9F0F1F}.Release|x86.ActiveCfg = Release|Any CPU
		{C2F4E5F9-A02F-4E3F-D35F-6F7E8D9F0F1F}.Release|x86.Build.0 = Release|Any CPU
		{876F8596-7CEF-4EB3-97A3-BE548378CB4E}.Debug|Any CPU.ActiveCfg = Debug|Any CPU
		{876F8596-7CEF-4EB3-97A3-BE548378CB4E}.Debug|Any CPU.Build.0 = Debug|Any CPU
		{876F8596-7CEF-4EB3-97A3-BE548378CB4E}.Debug|x64.ActiveCfg = Debug|Any CPU
		{876F8596-7CEF-4EB3-97A3-BE548378CB4E}.Debug|x64.Build.0 = Debug|Any CPU
		{876F8596-7CEF-4EB3-97A3-BE548378CB4E}.Debug|x86.ActiveCfg = Debug|Any CPU
		{876F8596-7CEF-4EB3-97A3-BE548378CB4E}.Debug|x86.Build.0 = Debug|Any CPU
		{876F8596-7CEF-4EB3-97A3-BE548378CB4E}.Release|Any CPU.ActiveCfg = Release|Any CPU
		{876F8596-7CEF-4EB3-97A3-BE548378CB4E}.Release|Any CPU.Build.0 = Release|Any CPU
		{876F8596-7CEF-4EB3-97A3-BE548378CB4E}.Release|x64.ActiveCfg = Release|Any CPU
		{876F8596-7CEF-4EB3-97A3-BE548378CB4E}.Release|x64.Build.0 = Release|Any CPU
		{876F8596-7CEF-4EB3-97A3-BE548378CB4E}.Release|x86.ActiveCfg = Release|Any CPU
		{876F8596-7CEF-4EB3-97A3-BE548378CB4E}.Release|x86.Build.0 = Release|Any CPU
		{B063F2EC-DAFC-43BD-84B3-9C361EBF4A3C}.Debug|Any CPU.ActiveCfg = Debug|Any CPU
		{B063F2EC-DAFC-43BD-84B3-9C361EBF4A3C}.Debug|Any CPU.Build.0 = Debug|Any CPU
		{B063F2EC-DAFC-43BD-84B3-9C361EBF4A3C}.Debug|x64.ActiveCfg = Debug|Any CPU
		{B063F2EC-DAFC-43BD-84B3-9C361EBF4A3C}.Debug|x64.Build.0 = Debug|Any CPU
		{B063F2EC-DAFC-43BD-84B3-9C361EBF4A3C}.Debug|x86.ActiveCfg = Debug|Any CPU
		{B063F2EC-DAFC-43BD-84B3-9C361EBF4A3C}.Debug|x86.Build.0 = Debug|Any CPU
		{B063F2EC-DAFC-43BD-84B3-9C361EBF4A3C}.Release|Any CPU.ActiveCfg = Release|Any CPU
		{B063F2EC-DAFC-43BD-84B3-9C361EBF4A3C}.Release|Any CPU.Build.0 = Release|Any CPU
		{B063F2EC-DAFC-43BD-84B3-9C361EBF4A3C}.Release|x64.ActiveCfg = Release|Any CPU
		{B063F2EC-DAFC-43BD-84B3-9C361EBF4A3C}.Release|x64.Build.0 = Release|Any CPU
		{B063F2EC-DAFC-43BD-84B3-9C361EBF4A3C}.Release|x86.ActiveCfg = Release|Any CPU
		{B063F2EC-DAFC-43BD-84B3-9C361EBF4A3C}.Release|x86.Build.0 = Release|Any CPU
	EndGlobalSection
	GlobalSection(SolutionProperties) = preSolution
		HideSolutionNode = FALSE
	EndGlobalSection
	GlobalSection(NestedProjects) = preSolution
		{8D0A1F5E-6B8C-4A9E-9F1D-2E3C4B5A6D7E} = {827E0CD3-B72D-47B6-A68D-7590B98EB39B}
		{9E1B2F6F-7C9D-4B0F-A02E-3F4D5C6B7E8F} = {827E0CD3-B72D-47B6-A68D-7590B98EB39B}
		{A0F2C3D7-8D0E-4C1F-B13F-4F5E6D7C8E9F} = {827E0CD3-B72D-47B6-A68D-7590B98EB39B}
		{B1F3D4E8-9E1F-4D2F-C24F-5F6E7D8E9F0F} = {827E0CD3-B72D-47B6-A68D-7590B98EB39B}
		{C2F4E5F9-A02F-4E3F-D35F-6F7E8D9F0F1F} = {827E0CD3-B72D-47B6-A68D-7590B98EB39B}
		{876F8596-7CEF-4EB3-97A3-BE548378CB4E} = {0AB3BF05-4346-4AA6-1389-037BE0695223}
		{B063F2EC-DAFC-43BD-84B3-9C361EBF4A3C} = {0AB3BF05-4346-4AA6-1389-037BE0695223}
	EndGlobalSection
EndGlobal
